
Microsoft Visual Studio Solution File, Format Version 12.00
# Visual Studio Version 17
VisualStudioVersion = 17.4.33205.214
MinimumVisualStudioVersion = 10.0.40219.1
Project("{FAE04EC0-301F-11D3-BF4B-00C04F79EFBC}") = "LoginProject", "LoginProject\LoginProject.csproj", "{CCC1A8D5-80B9-4CB6-8F96-9020B7368CA8}"
EndProject
Global
	GlobalSection(SolutionConfigurationPlatforms) = preSolution
		Debug|Any CPU = Debug|Any CPU
		Release|Any CPU = Release|Any CPU
	EndGlobalSection
	GlobalSection(ProjectConfigurationPlatforms) = postSolution
		{CCC1A8D5-80B9-4CB6-8F96-9020B7368CA8}.Debug|Any CPU.ActiveCfg = Debug|Any CPU
		{CCC1A8D5-80B9-4CB6-8F96-9020B7368CA8}.Debug|Any CPU.Build.0 = Debug|Any CPU
		{CCC1A8D5-80B9-4CB6-8F96-9020B7368CA8}.Release|Any CPU.ActiveCfg = Release|Any CPU
		{CCC1A8D5-80B9-4CB6-8F96-9020B7368CA8}.Release|Any CPU.Build.0 = Release|Any CPU
	EndGlobalSection
	GlobalSection(SolutionProperties) = preSolution
		HideSolutionNode = FALSE
	EndGlobalSection
	GlobalSection(ExtensibilityGlobals) = postSolution
		SolutionGuid = {5840E826-99BE-40CC-9E36-88B681EA4E79}
	EndGlobalSection
EndGlobal
